<?xml version="1.0" encoding="utf-8"?>
<Project ToolsVersion="4.0" xmlns="http://schemas.microsoft.com/developer/msbuild/2003">
  <ItemGroup>
    <Filter Include="Source Files">
      <UniqueIdentifier>{4FC737F1-C7A5-4376-A066-2A32D752A2FF}</UniqueIdentifier>
      <Extensions>cpp;cxx;c;def</Extensions>
    </Filter>
    <Filter Include="Header Files">
      <UniqueIdentifier>{93995380-89BD-4b04-88EB-625FBE52EBFB}</UniqueIdentifier>
      <Extensions>h</Extensions>
    </Filter>
    <Filter Include="Form Files">
      <UniqueIdentifier>{99349809-55BA-4b9d-BF79-8FDBB0286EB3}</UniqueIdentifier>
      <Extensions>ui</Extensions>
    </Filter>
    <Filter Include="Resource Files">
      <UniqueIdentifier>{D9D6E242-F8AF-46E4-B9FD-80ECBC20BA3E}</UniqueIdentifier>
      <Extensions>qrc;*</Extensions>
      <ParseFiles>false</ParseFiles>
    </Filter>
    <Filter Include="Generated Files">
      <UniqueIdentifier>{71ED8ED8-ACB9-4CE9-BBE1-E00B30144E11}</UniqueIdentifier>
      <Extensions>moc;h;cpp</Extensions>
      <SourceControlFiles>False</SourceControlFiles>
    </Filter>
    <Filter Include="Header Files\Strategies">
      <UniqueIdentifier>{cb65a492-aea8-4df0-b5cb-a18e524099ee}</UniqueIdentifier>
    </Filter>
    <Filter Include="Source Files\Strategies">
      <UniqueIdentifier>{9c7b1db4-7595-4aa5-ad88-6d52e6b84f6e}</UniqueIdentifier>
    </Filter>
  </ItemGroup>
  <ItemGroup>
    <ClInclude Include="BodyForceStrategy.h">
      <Filter>Header Files</Filter>
    </ClInclude>
    <ClInclude Include="CalPressureStrategy.h">
      <Filter>Header Files</Filter>
    </ClInclude>
    <ClInclude Include="CollisionStrategy.h">
      <Filter>Header Files</Filter>
    </ClInclude>
    <ClInclude Include="EmitStrategy.h">
      <Filter>Header Files</Filter>
    </ClInclude>
    <ClInclude Include="Particle.h">
      <Filter>Header Files</Filter>
    </ClInclude>
    <ClInclude Include="RelaxPosStrategy.h">
      <Filter>Header Files</Filter>
    </ClInclude>
    <ClInclude Include="RenderSPHStrategy.h">
      <Filter>Header Files</Filter>
    </ClInclude>
    <ClInclude Include="SPHSolver.h">
      <Filter>Header Files</Filter>
    </ClInclude>
    <ClInclude Include="UpdateGridStrategy.h">
      <Filter>Header Files</Filter>
    </ClInclude>
    <ClInclude Include="utils.h">
      <Filter>Header Files</Filter>
    </ClInclude>
    <ClInclude Include="Strategies\BodyForceA.h">
      <Filter>Header Files\Strategies</Filter>
    </ClInclude>
    <ClInclude Include="Strategies\CalPressureA.h">
      <Filter>Header Files\Strategies</Filter>
    </ClInclude>
    <ClInclude Include="Strategies\CollisionA.h">
      <Filter>Header Files\Strategies</Filter>
    </ClInclude>
    <ClInclude Include="Strategies\EmitA.h">
      <Filter>Header Files\Strategies</Filter>
    </ClInclude>
    <ClInclude Include="Strategies\RelaxPosA.h">
      <Filter>Header Files\Strategies</Filter>
    </ClInclude>
    <ClInclude Include="Strategies\RenderSPHA.h">
      <Filter>Header Files\Strategies</Filter>
    </ClInclude>
    <ClInclude Include="Strategies\Strategies.h">
      <Filter>Header Files\Strategies</Filter>
    </ClInclude>
    <ClInclude Include="Strategies\UpdateGridA.h">
      <Filter>Header Files\Strategies</Filter>
    </ClInclude>
  </ItemGroup>
  <ItemGroup>
    <ClCompile Include="BodyForceStrategy.cpp">
      <Filter>Source Files</Filter>
    </ClCompile>
    <ClCompile Include="CalPressureStrategy.cpp">
      <Filter>Source Files</Filter>
    </ClCompile>
    <ClCompile Include="CollisionStrategy.cpp">
      <Filter>Source Files</Filter>
    </ClCompile>
    <ClCompile Include="EmitStrategy.cpp">
      <Filter>Source Files</Filter>
    </ClCompile>
    <ClCompile Include="Particle.cpp">
      <Filter>Source Files</Filter>
    </ClCompile>
    <ClCompile Include="RelaxPosStrategy.cpp">
      <Filter>Source Files</Filter>
    </ClCompile>
    <ClCompile Include="RenderSPHStrategy.cpp">
      <Filter>Source Files</Filter>
    </ClCompile>
    <ClCompile Include="SPHSolver.cpp">
      <Filter>Source Files</Filter>
    </ClCompile>
    <ClCompile Include="UpdateGridStrategy.cpp">
      <Filter>Source Files</Filter>
    </ClCompile>
    <ClCompile Include="Strategies\BodyForceA.cpp">
      <Filter>Source Files\Strategies</Filter>
    </ClCompile>
    <ClCompile Include="Strategies\CalPressureA.cpp">
      <Filter>Source Files\Strategies</Filter>
    </ClCompile>
    <ClCompile Include="Strategies\CollisionA.cpp">
      <Filter>Source Files\Strategies</Filter>
    </ClCompile>
    <ClCompile Include="Strategies\EmitA.cpp">
      <Filter>Source Files\Strategies</Filter>
    </ClCompile>
    <ClCompile Include="Strategies\RelaxPosA.cpp">
      <Filter>Source Files\Strategies</Filter>
    </ClCompile>
    <ClCompile Include="Strategies\RenderSPHA.cpp">
      <Filter>Source Files\Strategies</Filter>
    </ClCompile>
    <ClCompile Include="Strategies\UpdateGridA.cpp">
      <Filter>Source Files\Strategies</Filter>
    </ClCompile>
  </ItemGroup>
</Project>